// !$*UTF8*$!
{
	archiveVersion = 1;
	classes = {
	};
	objectVersion = 56;
	objects = {

/* Begin PBXBuildFile section */
		F3BFAC122ABA271300318211 /* interactions.cpp in Sources */ = {isa = PBXBuildFile; fileRef = F3BFAC102ABA271300318211 /* interactions.cpp */; };
		F3BFAC152ABA387E00318211 /* brick.cpp in Sources */ = {isa = PBXBuildFile; fileRef = F3BFAC132ABA387E00318211 /* brick.cpp */; };
		F3BFAC192ABA676F00318211 /* game.cpp in Sources */ = {isa = PBXBuildFile; fileRef = F3BFAC172ABA676F00318211 /* game.cpp */; };
		F3DA23DE2ABA105B00636418 /* background.cpp in Sources */ = {isa = PBXBuildFile; fileRef = F3DA23DC2ABA105B00636418 /* background.cpp */; };
		F3DA23E22ABA127E00636418 /* ball.cpp in Sources */ = {isa = PBXBuildFile; fileRef = F3DA23E02ABA127E00636418 /* ball.cpp */; };
		F3DA23E52ABA14B000636418 /* entity.cpp in Sources */ = {isa = PBXBuildFile; fileRef = F3DA23E32ABA14B000636418 /* entity.cpp */; };
		F3DA23E82ABA169600636418 /* paddle.cpp in Sources */ = {isa = PBXBuildFile; fileRef = F3DA23E62ABA169600636418 /* paddle.cpp */; };
		F3E914062AB8CC7800E676A6 /* main.cpp in Sources */ = {isa = PBXBuildFile; fileRef = F3E914052AB8CC7800E676A6 /* main.cpp */; };
		F3E9141B2AB8CC9E00E676A6 /* OpenAL.framework in Frameworks */ = {isa = PBXBuildFile; fileRef = F3E9140E2AB8CC9D00E676A6 /* OpenAL.framework */; };
		F3E9141C2AB8CC9E00E676A6 /* sfml-audio.framework in Frameworks */ = {isa = PBXBuildFile; fileRef = F3E9140F2AB8CC9D00E676A6 /* sfml-audio.framework */; };
		F3E9141D2AB8CC9E00E676A6 /* ogg.framework in Frameworks */ = {isa = PBXBuildFile; fileRef = F3E914102AB8CC9E00E676A6 /* ogg.framework */; };
		F3E9141E2AB8CC9E00E676A6 /* sfml-graphics.framework in Frameworks */ = {isa = PBXBuildFile; fileRef = F3E914112AB8CC9E00E676A6 /* sfml-graphics.framework */; };
		F3E9141F2AB8CC9E00E676A6 /* sfml-system.framework in Frameworks */ = {isa = PBXBuildFile; fileRef = F3E914122AB8CC9E00E676A6 /* sfml-system.framework */; };
		F3E914202AB8CC9E00E676A6 /* vorbisfile.framework in Frameworks */ = {isa = PBXBuildFile; fileRef = F3E914132AB8CC9E00E676A6 /* vorbisfile.framework */; };
		F3E914212AB8CC9E00E676A6 /* SFML.framework in Frameworks */ = {isa = PBXBuildFile; fileRef = F3E914142AB8CC9E00E676A6 /* SFML.framework */; };
		F3E914222AB8CC9E00E676A6 /* freetype.framework in Frameworks */ = {isa = PBXBuildFile; fileRef = F3E914152AB8CC9E00E676A6 /* freetype.framework */; };
		F3E914232AB8CC9E00E676A6 /* vorbis.framework in Frameworks */ = {isa = PBXBuildFile; fileRef = F3E914162AB8CC9E00E676A6 /* vorbis.framework */; };
		F3E914242AB8CC9E00E676A6 /* FLAC.framework in Frameworks */ = {isa = PBXBuildFile; fileRef = F3E914172AB8CC9E00E676A6 /* FLAC.framework */; };
		F3E914252AB8CC9E00E676A6 /* sfml-network.framework in Frameworks */ = {isa = PBXBuildFile; fileRef = F3E914182AB8CC9E00E676A6 /* sfml-network.framework */; };
		F3E914262AB8CC9E00E676A6 /* vorbisenc.framework in Frameworks */ = {isa = PBXBuildFile; fileRef = F3E914192AB8CC9E00E676A6 /* vorbisenc.framework */; };
		F3E914272AB8CC9E00E676A6 /* sfml-window.framework in Frameworks */ = {isa = PBXBuildFile; fileRef = F3E9141A2AB8CC9E00E676A6 /* sfml-window.framework */; };
/* End PBXBuildFile section */

/* Begin PBXCopyFilesBuildPhase section */
		F3E914002AB8CC7800E676A6 /* CopyFiles */ = {
			isa = PBXCopyFilesBuildPhase;
			buildActionMask = 2147483647;
			dstPath = /usr/share/man/man1/;
			dstSubfolderSpec = 0;
			files = (
			);
			runOnlyForDeploymentPostprocessing = 1;
		};
/* End PBXCopyFilesBuildPhase section */

/* Begin PBXFileReference section */
		F3BFAC102ABA271300318211 /* interactions.cpp */ = {isa = PBXFileReference; lastKnownFileType = sourcecode.cpp.cpp; path = interactions.cpp; sourceTree = "<group>"; };
		F3BFAC112ABA271300318211 /* interactions.hpp */ = {isa = PBXFileReference; lastKnownFileType = sourcecode.cpp.h; path = interactions.hpp; sourceTree = "<group>"; };
		F3BFAC132ABA387E00318211 /* brick.cpp */ = {isa = PBXFileReference; lastKnownFileType = sourcecode.cpp.cpp; path = brick.cpp; sourceTree = "<group>"; };
		F3BFAC142ABA387E00318211 /* brick.hpp */ = {isa = PBXFileReference; lastKnownFileType = sourcecode.cpp.h; path = brick.hpp; sourceTree = "<group>"; };
		F3BFAC162ABA391100318211 /* brick01.png */ = {isa = PBXFileReference; lastKnownFileType = image.png; path = brick01.png; sourceTree = "<group>"; };
		F3BFAC172ABA676F00318211 /* game.cpp */ = {isa = PBXFileReference; lastKnownFileType = sourcecode.cpp.cpp; path = game.cpp; sourceTree = "<group>"; };
		F3BFAC182ABA676F00318211 /* game.hpp */ = {isa = PBXFileReference; lastKnownFileType = sourcecode.cpp.h; path = game.hpp; sourceTree = "<group>"; };
		F3DA23DA2ABA102600636418 /* constants.h */ = {isa = PBXFileReference; lastKnownFileType = sourcecode.c.h; path = constants.h; sourceTree = "<group>"; };
		F3DA23DB2ABA104A00636418 /* background.jpg */ = {isa = PBXFileReference; lastKnownFileType = image.jpeg; path = background.jpg; sourceTree = "<group>"; };
		F3DA23DC2ABA105B00636418 /* background.cpp */ = {isa = PBXFileReference; lastKnownFileType = sourcecode.cpp.cpp; path = background.cpp; sourceTree = "<group>"; };
		F3DA23DD2ABA105B00636418 /* background.hpp */ = {isa = PBXFileReference; lastKnownFileType = sourcecode.cpp.h; path = background.hpp; sourceTree = "<group>"; };
		F3DA23DF2ABA108900636418 /* entity.h */ = {isa = PBXFileReference; lastKnownFileType = sourcecode.c.h; path = entity.h; sourceTree = "<group>"; };
		F3DA23E02ABA127E00636418 /* ball.cpp */ = {isa = PBXFileReference; lastKnownFileType = sourcecode.cpp.cpp; path = ball.cpp; sourceTree = "<group>"; };
		F3DA23E12ABA127E00636418 /* ball.hpp */ = {isa = PBXFileReference; lastKnownFileType = sourcecode.cpp.h; path = ball.hpp; sourceTree = "<group>"; };
		F3DA23E32ABA14B000636418 /* entity.cpp */ = {isa = PBXFileReference; lastKnownFileType = sourcecode.cpp.cpp; path = entity.cpp; sourceTree = "<group>"; };
		F3DA23E62ABA169600636418 /* paddle.cpp */ = {isa = PBXFileReference; lastKnownFileType = sourcecode.cpp.cpp; path = paddle.cpp; sourceTree = "<group>"; };
		F3DA23E72ABA169600636418 /* paddle.hpp */ = {isa = PBXFileReference; lastKnownFileType = sourcecode.cpp.h; path = paddle.hpp; sourceTree = "<group>"; };
		F3E914022AB8CC7800E676A6 /* Brickbreaker */ = {isa = PBXFileReference; explicitFileType = "compiled.mach-o.executable"; includeInIndex = 0; path = Brickbreaker; sourceTree = BUILT_PRODUCTS_DIR; };
		F3E914052AB8CC7800E676A6 /* main.cpp */ = {isa = PBXFileReference; lastKnownFileType = sourcecode.cpp.cpp; path = main.cpp; sourceTree = "<group>"; };
		F3E9140C2AB8CC7E00E676A6 /* Brickbreaker.entitlements */ = {isa = PBXFileReference; lastKnownFileType = text.plist.entitlements; path = Brickbreaker.entitlements; sourceTree = "<group>"; };
		F3E9140E2AB8CC9D00E676A6 /* OpenAL.framework */ = {isa = PBXFileReference; lastKnownFileType = wrapper.framework; name = OpenAL.framework; path = ../../../../../../Library/Frameworks/OpenAL.framework; sourceTree = "<group>"; };
		F3E9140F2AB8CC9D00E676A6 /* sfml-audio.framework */ = {isa = PBXFileReference; lastKnownFileType = wrapper.framework; name = "sfml-audio.framework"; path = "../../../../../../Library/Frameworks/sfml-audio.framework"; sourceTree = "<group>"; };
		F3E914102AB8CC9E00E676A6 /* ogg.framework */ = {isa = PBXFileReference; lastKnownFileType = wrapper.framework; name = ogg.framework; path = ../../../../../../Library/Frameworks/ogg.framework; sourceTree = "<group>"; };
		F3E914112AB8CC9E00E676A6 /* sfml-graphics.framework */ = {isa = PBXFileReference; lastKnownFileType = wrapper.framework; name = "sfml-graphics.framework"; path = "../../../../../../Library/Frameworks/sfml-graphics.framework"; sourceTree = "<group>"; };
		F3E914122AB8CC9E00E676A6 /* sfml-system.framework */ = {isa = PBXFileReference; lastKnownFileType = wrapper.framework; name = "sfml-system.framework"; path = "../../../../../../Library/Frameworks/sfml-system.framework"; sourceTree = "<group>"; };
		F3E914132AB8CC9E00E676A6 /* vorbisfile.framework */ = {isa = PBXFileReference; lastKnownFileType = wrapper.framework; name = vorbisfile.framework; path = ../../../../../../Library/Frameworks/vorbisfile.framework; sourceTree = "<group>"; };
		F3E914142AB8CC9E00E676A6 /* SFML.framework */ = {isa = PBXFileReference; lastKnownFileType = wrapper.framework; name = SFML.framework; path = ../../../../../../Library/Frameworks/SFML.framework; sourceTree = "<group>"; };
		F3E914152AB8CC9E00E676A6 /* freetype.framework */ = {isa = PBXFileReference; lastKnownFileType = wrapper.framework; name = freetype.framework; path = ../../../../../../Library/Frameworks/freetype.framework; sourceTree = "<group>"; };
		F3E914162AB8CC9E00E676A6 /* vorbis.framework */ = {isa = PBXFileReference; lastKnownFileType = wrapper.framework; name = vorbis.framework; path = ../../../../../../Library/Frameworks/vorbis.framework; sourceTree = "<group>"; };
		F3E914172AB8CC9E00E676A6 /* FLAC.framework */ = {isa = PBXFileReference; lastKnownFileType = wrapper.framework; name = FLAC.framework; path = ../../../../../../Library/Frameworks/FLAC.framework; sourceTree = "<group>"; };
		F3E914182AB8CC9E00E676A6 /* sfml-network.framework */ = {isa = PBXFileReference; lastKnownFileType = wrapper.framework; name = "sfml-network.framework"; path = "../../../../../../Library/Frameworks/sfml-network.framework"; sourceTree = "<group>"; };
		F3E914192AB8CC9E00E676A6 /* vorbisenc.framework */ = {isa = PBXFileReference; lastKnownFileType = wrapper.framework; name = vorbisenc.framework; path = ../../../../../../Library/Frameworks/vorbisenc.framework; sourceTree = "<group>"; };
		F3E9141A2AB8CC9E00E676A6 /* sfml-window.framework */ = {isa = PBXFileReference; lastKnownFileType = wrapper.framework; name = "sfml-window.framework"; path = "../../../../../../Library/Frameworks/sfml-window.framework"; sourceTree = "<group>"; };
/* End PBXFileReference section */

/* Begin PBXFrameworksBuildPhase section */
		F3E913FF2AB8CC7800E676A6 /* Frameworks */ = {
			isa = PBXFrameworksBuildPhase;
			buildActionMask = 2147483647;
			files = (
				F3E9141B2AB8CC9E00E676A6 /* OpenAL.framework in Frameworks */,
				F3E9141C2AB8CC9E00E676A6 /* sfml-audio.framework in Frameworks */,
				F3E9141D2AB8CC9E00E676A6 /* ogg.framework in Frameworks */,
				F3E9141E2AB8CC9E00E676A6 /* sfml-graphics.framework in Frameworks */,
				F3E9141F2AB8CC9E00E676A6 /* sfml-system.framework in Frameworks */,
				F3E914202AB8CC9E00E676A6 /* vorbisfile.framework in Frameworks */,
				F3E914212AB8CC9E00E676A6 /* SFML.framework in Frameworks */,
				F3E914222AB8CC9E00E676A6 /* freetype.framework in Frameworks */,
				F3E914232AB8CC9E00E676A6 /* vorbis.framework in Frameworks */,
				F3E914242AB8CC9E00E676A6 /* FLAC.framework in Frameworks */,
				F3E914252AB8CC9E00E676A6 /* sfml-network.framework in Frameworks */,
				F3E914262AB8CC9E00E676A6 /* vorbisenc.framework in Frameworks */,
				F3E914272AB8CC9E00E676A6 /* sfml-window.framework in Frameworks */,
			);
			runOnlyForDeploymentPostprocessing = 0;
		};
/* End PBXFrameworksBuildPhase section */

/* Begin PBXGroup section */
		F3E913F92AB8CC7800E676A6 = {
			isa = PBXGroup;
			children = (
				F3E914042AB8CC7800E676A6 /* Brickbreaker */,
				F3E914032AB8CC7800E676A6 /* Products */,
				F3E9140D2AB8CC9D00E676A6 /* Frameworks */,
			);
			sourceTree = "<group>";
		};
		F3E914032AB8CC7800E676A6 /* Products */ = {
			isa = PBXGroup;
			children = (
				F3E914022AB8CC7800E676A6 /* Brickbreaker */,
			);
			name = Products;
			sourceTree = "<group>";
		};
		F3E914042AB8CC7800E676A6 /* Brickbreaker */ = {
			isa = PBXGroup;
			children = (
				F3BFAC162ABA391100318211 /* brick01.png */,
				F3DA23DB2ABA104A00636418 /* background.jpg */,
				F3E9140C2AB8CC7E00E676A6 /* Brickbreaker.entitlements */,
				F3E914052AB8CC7800E676A6 /* main.cpp */,
				F3DA23DA2ABA102600636418 /* constants.h */,
				F3DA23DC2ABA105B00636418 /* background.cpp */,
				F3DA23E02ABA127E00636418 /* ball.cpp */,
				F3DA23E12ABA127E00636418 /* ball.hpp */,
				F3BFAC132ABA387E00318211 /* brick.cpp */,
				F3BFAC142ABA387E00318211 /* brick.hpp */,
				F3BFAC172ABA676F00318211 /* game.cpp */,
				F3BFAC182ABA676F00318211 /* game.hpp */,
				F3DA23E62ABA169600636418 /* paddle.cpp */,
				F3DA23E72ABA169600636418 /* paddle.hpp */,
				F3DA23DF2ABA108900636418 /* entity.h */,
				F3BFAC102ABA271300318211 /* interactions.cpp */,
				F3BFAC112ABA271300318211 /* interactions.hpp */,
				F3DA23E32ABA14B000636418 /* entity.cpp */,
				F3DA23DD2ABA105B00636418 /* background.hpp */,
			);
			path = Brickbreaker;
			sourceTree = "<group>";
		};
		F3E9140D2AB8CC9D00E676A6 /* Frameworks */ = {
			isa = PBXGroup;
			children = (
				F3E914172AB8CC9E00E676A6 /* FLAC.framework */,
				F3E914152AB8CC9E00E676A6 /* freetype.framework */,
				F3E914102AB8CC9E00E676A6 /* ogg.framework */,
				F3E9140E2AB8CC9D00E676A6 /* OpenAL.framework */,
				F3E9140F2AB8CC9D00E676A6 /* sfml-audio.framework */,
				F3E914112AB8CC9E00E676A6 /* sfml-graphics.framework */,
				F3E914182AB8CC9E00E676A6 /* sfml-network.framework */,
				F3E914122AB8CC9E00E676A6 /* sfml-system.framework */,
				F3E9141A2AB8CC9E00E676A6 /* sfml-window.framework */,
				F3E914142AB8CC9E00E676A6 /* SFML.framework */,
				F3E914162AB8CC9E00E676A6 /* vorbis.framework */,
				F3E914192AB8CC9E00E676A6 /* vorbisenc.framework */,
				F3E914132AB8CC9E00E676A6 /* vorbisfile.framework */,
			);
			name = Frameworks;
			sourceTree = "<group>";
		};
/* End PBXGroup section */

/* Begin PBXNativeTarget section */
		F3E914012AB8CC7800E676A6 /* Brickbreaker */ = {
			isa = PBXNativeTarget;
			buildConfigurationList = F3E914092AB8CC7800E676A6 /* Build configuration list for PBXNativeTarget "Brickbreaker" */;
			buildPhases = (
				F3E913FE2AB8CC7800E676A6 /* Sources */,
				F3E913FF2AB8CC7800E676A6 /* Frameworks */,
				F3E914002AB8CC7800E676A6 /* CopyFiles */,
			);
			buildRules = (
			);
			dependencies = (
			);
			name = Brickbreaker;
			productName = Brickbreaker;
			productReference = F3E914022AB8CC7800E676A6 /* Brickbreaker */;
			productType = "com.apple.product-type.tool";
		};
/* End PBXNativeTarget section */

/* Begin PBXProject section */
		F3E913FA2AB8CC7800E676A6 /* Project object */ = {
			isa = PBXProject;
			attributes = {
				BuildIndependentTargetsInParallel = 1;
				LastUpgradeCheck = 1420;
				TargetAttributes = {
					F3E914012AB8CC7800E676A6 = {
						CreatedOnToolsVersion = 14.2;
					};
				};
			};
			buildConfigurationList = F3E913FD2AB8CC7800E676A6 /* Build configuration list for PBXProject "Brickbreaker" */;
			compatibilityVersion = "Xcode 14.0";
			developmentRegion = en;
			hasScannedForEncodings = 0;
			knownRegions = (
				en,
				Base,
			);
			mainGroup = F3E913F92AB8CC7800E676A6;
			productRefGroup = F3E914032AB8CC7800E676A6 /* Products */;
			projectDirPath = "";
			projectRoot = "";
			targets = (
				F3E914012AB8CC7800E676A6 /* Brickbreaker */,
			);
		};
/* End PBXProject section */

/* Begin PBXSourcesBuildPhase section */
		F3E913FE2AB8CC7800E676A6 /* Sources */ = {
			isa = PBXSourcesBuildPhase;
			buildActionMask = 2147483647;
			files = (
				F3DA23E52ABA14B000636418 /* entity.cpp in Sources */,
				F3DA23E82ABA169600636418 /* paddle.cpp in Sources */,
				F3BFAC122ABA271300318211 /* interactions.cpp in Sources */,
				F3BFAC192ABA676F00318211 /* game.cpp in Sources */,
				F3E914062AB8CC7800E676A6 /* main.cpp in Sources */,
				F3DA23DE2ABA105B00636418 /* background.cpp in Sources */,
				F3DA23E22ABA127E00636418 /* ball.cpp in Sources */,
				F3BFAC152ABA387E00318211 /* brick.cpp in Sources */,
			);
			runOnlyForDeploymentPostprocessing = 0;
		};
/* End PBXSourcesBuildPhase section */

/* Begin XCBuildConfiguration section */
		F3E914072AB8CC7800E676A6 /* Debug */ = {
			isa = XCBuildConfiguration;
			buildSettings = {
				ALWAYS_SEARCH_USER_PATHS = NO;
				CLANG_ANALYZER_NONNULL = YES;
				CLANG_ANALYZER_NUMBER_OBJECT_CONVERSION = YES_AGGRESSIVE;
				CLANG_CXX_LANGUAGE_STANDARD = "gnu++20";
				CLANG_ENABLE_MODULES = YES;
				CLANG_ENABLE_OBJC_ARC = YES;
				CLANG_ENABLE_OBJC_WEAK = YES;
				CLANG_WARN_BLOCK_CAPTURE_AUTORELEASING = YES;
				CLANG_WARN_BOOL_CONVERSION = YES;
				CLANG_WARN_COMMA = YES;
				CLANG_WARN_CONSTANT_CONVERSION = YES;
				CLANG_WARN_DEPRECATED_OBJC_IMPLEMENTATIONS = YES;
				CLANG_WARN_DIRECT_OBJC_ISA_USAGE = YES_ERROR;
				CLANG_WARN_DOCUMENTATION_COMMENTS = YES;
				CLANG_WARN_EMPTY_BODY = YES;
				CLANG_WARN_ENUM_CONVERSION = YES;
				CLANG_WARN_INFINITE_RECURSION = YES;
				CLANG_WARN_INT_CONVERSION = YES;
				CLANG_WARN_NON_LITERAL_NULL_CONVERSION = YES;
				CLANG_WARN_OBJC_IMPLICIT_RETAIN_SELF = YES;
				CLANG_WARN_OBJC_LITERAL_CONVERSION = YES;
				CLANG_WARN_OBJC_ROOT_CLASS = YES_ERROR;
				CLANG_WARN_QUOTED_INCLUDE_IN_FRAMEWORK_HEADER = YES;
				CLANG_WARN_RANGE_LOOP_ANALYSIS = YES;
				CLANG_WARN_STRICT_PROTOTYPES = YES;
				CLANG_WARN_SUSPICIOUS_MOVE = YES;
				CLANG_WARN_UNGUARDED_AVAILABILITY = YES_AGGRESSIVE;
				CLANG_WARN_UNREACHABLE_CODE = YES;
				CLANG_WARN__DUPLICATE_METHOD_MATCH = YES;
				COPY_PHASE_STRIP = NO;
				DEBUG_INFORMATION_FORMAT = dwarf;
				ENABLE_STRICT_OBJC_MSGSEND = YES;
				ENABLE_TESTABILITY = YES;
				GCC_C_LANGUAGE_STANDARD = gnu11;
				GCC_DYNAMIC_NO_PIC = NO;
				GCC_NO_COMMON_BLOCKS = YES;
				GCC_OPTIMIZATION_LEVEL = 0;
				GCC_PREPROCESSOR_DEFINITIONS = (
					"DEBUG=1",
					"$(inherited)",
				);
				GCC_WARN_64_TO_32_BIT_CONVERSION = YES;
				GCC_WARN_ABOUT_RETURN_TYPE = YES_ERROR;
				GCC_WARN_UNDECLARED_SELECTOR = YES;
				GCC_WARN_UNINITIALIZED_AUTOS = YES_AGGRESSIVE;
				GCC_WARN_UNUSED_FUNCTION = YES;
				GCC_WARN_UNUSED_VARIABLE = YES;
				MACOSX_DEPLOYMENT_TARGET = 13.1;
				MTL_ENABLE_DEBUG_INFO = INCLUDE_SOURCE;
				MTL_FAST_MATH = YES;
				ONLY_ACTIVE_ARCH = YES;
				SDKROOT = macosx;
			};
			name = Debug;
		};
		F3E914082AB8CC7800E676A6 /* Release */ = {
			isa = XCBuildConfiguration;
			buildSettings = {
				ALWAYS_SEARCH_USER_PATHS = NO;
				CLANG_ANALYZER_NONNULL = YES;
				CLANG_ANALYZER_NUMBER_OBJECT_CONVERSION = YES_AGGRESSIVE;
				CLANG_CXX_LANGUAGE_STANDARD = "gnu++20";
				CLANG_ENABLE_MODULES = YES;
				CLANG_ENABLE_OBJC_ARC = YES;
				CLANG_ENABLE_OBJC_WEAK = YES;
				CLANG_WARN_BLOCK_CAPTURE_AUTORELEASING = YES;
				CLANG_WARN_BOOL_CONVERSION = YES;
				CLANG_WARN_COMMA = YES;
				CLANG_WARN_CONSTANT_CONVERSION = YES;
				CLANG_WARN_DEPRECATED_OBJC_IMPLEMENTATIONS = YES;
				CLANG_WARN_DIRECT_OBJC_ISA_USAGE = YES_ERROR;
				CLANG_WARN_DOCUMENTATION_COMMENTS = YES;
				CLANG_WARN_EMPTY_BODY = YES;
				CLANG_WARN_ENUM_CONVERSION = YES;
				CLANG_WARN_INFINITE_RECURSION = YES;
				CLANG_WARN_INT_CONVERSION = YES;
				CLANG_WARN_NON_LITERAL_NULL_CONVERSION = YES;
				CLANG_WARN_OBJC_IMPLICIT_RETAIN_SELF = YES;
				CLANG_WARN_OBJC_LITERAL_CONVERSION = YES;
				CLANG_WARN_OBJC_ROOT_CLASS = YES_ERROR;
				CLANG_WARN_QUOTED_INCLUDE_IN_FRAMEWORK_HEADER = YES;
				CLANG_WARN_RANGE_LOOP_ANALYSIS = YES;
				CLANG_WARN_STRICT_PROTOTYPES = YES;
				CLANG_WARN_SUSPICIOUS_MOVE = YES;
				CLANG_WARN_UNGUARDED_AVAILABILITY = YES_AGGRESSIVE;
				CLANG_WARN_UNREACHABLE_CODE = YES;
				CLANG_WARN__DUPLICATE_METHOD_MATCH = YES;
				COPY_PHASE_STRIP = NO;
				DEBUG_INFORMATION_FORMAT = "dwarf-with-dsym";
				ENABLE_NS_ASSERTIONS = NO;
				ENABLE_STRICT_OBJC_MSGSEND = YES;
				GCC_C_LANGUAGE_STANDARD = gnu11;
				GCC_NO_COMMON_BLOCKS = YES;
				GCC_WARN_64_TO_32_BIT_CONVERSION = YES;
				GCC_WARN_ABOUT_RETURN_TYPE = YES_ERROR;
				GCC_WARN_UNDECLARED_SELECTOR = YES;
				GCC_WARN_UNINITIALIZED_AUTOS = YES_AGGRESSIVE;
				GCC_WARN_UNUSED_FUNCTION = YES;
				GCC_WARN_UNUSED_VARIABLE = YES;
				MACOSX_DEPLOYMENT_TARGET = 13.1;
				MTL_ENABLE_DEBUG_INFO = NO;
				MTL_FAST_MATH = YES;
				SDKROOT = macosx;
			};
			name = Release;
		};
		F3E9140A2AB8CC7800E676A6 /* Debug */ = {
			isa = XCBuildConfiguration;
			buildSettings = {
				CODE_SIGN_ENTITLEMENTS = Brickbreaker/Brickbreaker.entitlements;
				"CODE_SIGN_IDENTITY[sdk=macosx*]" = "-";
				CODE_SIGN_STYLE = Automatic;
				DEVELOPMENT_TEAM = "";
				ENABLE_HARDENED_RUNTIME = YES;
				FRAMEWORK_SEARCH_PATHS = (
					"$(inherited)",
					"$(LOCAL_LIBRARY_DIR)/Frameworks",
				);
				PRODUCT_NAME = "$(TARGET_NAME)";
			};
			name = Debug;
		};
		F3E9140B2AB8CC7800E676A6 /* Release */ = {
			isa = XCBuildConfiguration;
			buildSettings = {
				CODE_SIGN_ENTITLEMENTS = Brickbreaker/Brickbreaker.entitlements;
				"CODE_SIGN_IDENTITY[sdk=macosx*]" = "-";
				CODE_SIGN_STYLE = Automatic;
				DEVELOPMENT_TEAM = "";
				ENABLE_HARDENED_RUNTIME = YES;
				FRAMEWORK_SEARCH_PATHS = (
					"$(inherited)",
					"$(LOCAL_LIBRARY_DIR)/Frameworks",
				);
				PRODUCT_NAME = "$(TARGET_NAME)";
			};
			name = Release;
		};
/* End XCBuildConfiguration section */

/* Begin XCConfigurationList section */
		F3E913FD2AB8CC7800E676A6 /* Build configuration list for PBXProject "Brickbreaker" */ = {
			isa = XCConfigurationList;
			buildConfigurations = (
				F3E914072AB8CC7800E676A6 /* Debug */,
				F3E914082AB8CC7800E676A6 /* Release */,
			);
			defaultConfigurationIsVisible = 0;
			defaultConfigurationName = Release;
		};
		F3E914092AB8CC7800E676A6 /* Build configuration list for PBXNativeTarget "Brickbreaker" */ = {
			isa = XCConfigurationList;
			buildConfigurations = (
				F3E9140A2AB8CC7800E676A6 /* Debug */,
				F3E9140B2AB8CC7800E676A6 /* Release */,
			);
			defaultConfigurationIsVisible = 0;
			defaultConfigurationName = Release;
		};
/* End XCConfigurationList section */
	};
	rootObject = F3E913FA2AB8CC7800E676A6 /* Project object */;
}
